
Microsoft Visual Studio Solution File, Format Version 12.00
Project("{2150E333-8FDC-42A3-9474-1A3956D46DE8}") = "src", "src", "{ACBE112C-095C-49A6-B7B6-CCDC6F83B422}"
EndProject
Project("{2150E333-8FDC-42A3-9474-1A3956D46DE8}") = "1 - Presentation", "1 - Presentation", "{2A3C9EB1-2C85-431C-99AF-8367CF7E733D}"
EndProject
Project("{FAE04EC0-301F-11D3-BF4B-00C04F79EFBC}") = "YourTale.WebApi", "src\YourTale.WebApi\YourTale.WebApi.csproj", "{F2C073FB-0BDD-47EE-B0D4-2FED6D1F6C06}"
EndProject
Project("{2150E333-8FDC-42A3-9474-1A3956D46DE8}") = "2 - Application", "2 - Application", "{D5F9F100-771B-4BCD-9791-883AA2E8145D}"
EndProject
Project("{FAE04EC0-301F-11D3-BF4B-00C04F79EFBC}") = "YourTale.Application", "src\YourTale.Application\YourTale.Application.csproj", "{A5342DE5-7B54-4DCD-8B58-304F92EA3785}"
EndProject
Project("{2150E333-8FDC-42A3-9474-1A3956D46DE8}") = "3 - Domain", "3 - Domain", "{41FED0EE-3BC5-4635-A1AE-5CF83A0A4224}"
EndProject
Project("{FAE04EC0-301F-11D3-BF4B-00C04F79EFBC}") = "YourTale.Domain", "src\YourTale.Domain\YourTale.Domain.csproj", "{6196984C-2D4F-41EC-9978-0AE22D227B5F}"
EndProject
Project("{2150E333-8FDC-42A3-9474-1A3956D46DE8}") = "4 - Infrastructure", "4 - Infrastructure", "{14DF7C28-7CF8-4B62-ABEF-7F8D08420E32}"
EndProject
Project("{FAE04EC0-301F-11D3-BF4B-00C04F79EFBC}") = "YourTale.Infrastructure", "src\YourTale.Infrastructure\YourTale.Infrastructure.csproj", "{7B7E7B34-785F-4F76-AFA8-0A3FFE23C80C}"
EndProject
Global
	GlobalSection(SolutionConfigurationPlatforms) = preSolution
		Debug|Any CPU = Debug|Any CPU
		Release|Any CPU = Release|Any CPU
	EndGlobalSection
	GlobalSection(NestedProjects) = preSolution
		{2A3C9EB1-2C85-431C-99AF-8367CF7E733D} = {ACBE112C-095C-49A6-B7B6-CCDC6F83B422}
		{F2C073FB-0BDD-47EE-B0D4-2FED6D1F6C06} = {2A3C9EB1-2C85-431C-99AF-8367CF7E733D}
		{D5F9F100-771B-4BCD-9791-883AA2E8145D} = {ACBE112C-095C-49A6-B7B6-CCDC6F83B422}
		{A5342DE5-7B54-4DCD-8B58-304F92EA3785} = {D5F9F100-771B-4BCD-9791-883AA2E8145D}
		{41FED0EE-3BC5-4635-A1AE-5CF83A0A4224} = {ACBE112C-095C-49A6-B7B6-CCDC6F83B422}
		{6196984C-2D4F-41EC-9978-0AE22D227B5F} = {41FED0EE-3BC5-4635-A1AE-5CF83A0A4224}
		{14DF7C28-7CF8-4B62-ABEF-7F8D08420E32} = {ACBE112C-095C-49A6-B7B6-CCDC6F83B422}
		{7B7E7B34-785F-4F76-AFA8-0A3FFE23C80C} = {14DF7C28-7CF8-4B62-ABEF-7F8D08420E32}
	EndGlobalSection
	GlobalSection(ProjectConfigurationPlatforms) = postSolution
		{F2C073FB-0BDD-47EE-B0D4-2FED6D1F6C06}.Debug|Any CPU.ActiveCfg = Debug|Any CPU
		{F2C073FB-0BDD-47EE-B0D4-2FED6D1F6C06}.Debug|Any CPU.Build.0 = Debug|Any CPU
		{F2C073FB-0BDD-47EE-B0D4-2FED6D1F6C06}.Release|Any CPU.ActiveCfg = Release|Any CPU
		{F2C073FB-0BDD-47EE-B0D4-2FED6D1F6C06}.Release|Any CPU.Build.0 = Release|Any CPU
		{A5342DE5-7B54-4DCD-8B58-304F92EA3785}.Debug|Any CPU.ActiveCfg = Debug|Any CPU
		{A5342DE5-7B54-4DCD-8B58-304F92EA3785}.Debug|Any CPU.Build.0 = Debug|Any CPU
		{A5342DE5-7B54-4DCD-8B58-304F92EA3785}.Release|Any CPU.ActiveCfg = Release|Any CPU
		{A5342DE5-7B54-4DCD-8B58-304F92EA3785}.Release|Any CPU.Build.0 = Release|Any CPU
		{6196984C-2D4F-41EC-9978-0AE22D227B5F}.Debug|Any CPU.ActiveCfg = Debug|Any CPU
		{6196984C-2D4F-41EC-9978-0AE22D227B5F}.Debug|Any CPU.Build.0 = Debug|Any CPU
		{6196984C-2D4F-41EC-9978-0AE22D227B5F}.Release|Any CPU.ActiveCfg = Release|Any CPU
		{6196984C-2D4F-41EC-9978-0AE22D227B5F}.Release|Any CPU.Build.0 = Release|Any CPU
		{7B7E7B34-785F-4F76-AFA8-0A3FFE23C80C}.Debug|Any CPU.ActiveCfg = Debug|Any CPU
		{7B7E7B34-785F-4F76-AFA8-0A3FFE23C80C}.Debug|Any CPU.Build.0 = Debug|Any CPU
		{7B7E7B34-785F-4F76-AFA8-0A3FFE23C80C}.Release|Any CPU.ActiveCfg = Release|Any CPU
		{7B7E7B34-785F-4F76-AFA8-0A3FFE23C80C}.Release|Any CPU.Build.0 = Release|Any CPU
	EndGlobalSection
EndGlobal
